dependencies:
  espressif/led_strip:
    component_hash: fc66f8544851132555bc668475f7b68acd6a211c8075db5ce1951cbfa27dfb88
    source:
      type: service
    version: 2.5.4
  idf:
    component_hash: null
    source:
      type: idf
    version: 5.4.0
manifest_hash: b2f659ab374cf8e1c728a3ccea5308f76e3a3aef00a1742a7afeca03d594d450
target: esp32c3
version: 1.0.0
